
Microsoft Visual Studio Solution File, Format Version 12.00
# Visual Studio 2017
Project("{FAE04EC0-301F-11D3-BF4B-00C04F79EFBC}") = "Machine Connect 4", "Machine Connect 4.csproj", "{C417C126-7C4B-C67C-B838-7079B4ADEA37}"
EndProject
Global
	GlobalSection(SolutionConfigurationPlatforms) = preSolution
		Debug|Any CPU = Debug|Any CPU
		Release|Any CPU = Release|Any CPU
	EndGlobalSection
	GlobalSection(ProjectConfigurationPlatforms) = postSolution
		{C417C126-7C4B-C67C-B838-7079B4ADEA37}.Debug|Any CPU.ActiveCfg = Debug|Any CPU
		{C417C126-7C4B-C67C-B838-7079B4ADEA37}.Debug|Any CPU.Build.0 = Debug|Any CPU
		{C417C126-7C4B-C67C-B838-7079B4ADEA37}.Release|Any CPU.ActiveCfg = Release|Any CPU
		{C417C126-7C4B-C67C-B838-7079B4ADEA37}.Release|Any CPU.Build.0 = Release|Any CPU
	EndGlobalSection
	GlobalSection(SolutionProperties) = preSolution
		HideSolutionNode = FALSE
	EndGlobalSection
EndGlobal
